
Microsoft Visual Studio Solution File, Format Version 12.00
# Visual Studio Version 17
VisualStudioVersion = 17.8.34330.188
MinimumVisualStudioVersion = 10.0.40219.1
Project("{54A90642-561A-4BB1-A94E-469ADEE60C69}") = "pLocals.Client", "pLocals.Client\pLocals.Client.esproj", "{E824FD7B-0942-493F-A6A9-06135FEC0750}"
EndProject
Project("{FAE04EC0-301F-11D3-BF4B-00C04F79EFBC}") = "pLocals", "pLocals.Server\pLocals.csproj", "{A0CB352E-02EE-40DD-903A-11BA0852B935}"
EndProject
Project("{FAE04EC0-301F-11D3-BF4B-00C04F79EFBC}") = "pLocals.Tools", "pLocals.Server\pLocals.Tools\pLocals.Tools.csproj", "{5D67CE97-F931-4BEF-81C3-5857A09CE507}"
EndProject
Project("{2150E333-8FDC-42A3-9474-1A3956D46DE8}") = "Solution Items", "Solution Items", "{0836B6D2-C602-436E-8280-0233C0F5AFC2}"
	ProjectSection(SolutionItems) = preProject
		README.md = README.md
	EndProjectSection
EndProject
Global
	GlobalSection(SolutionConfigurationPlatforms) = preSolution
		Debug|Any CPU = Debug|Any CPU
		Release|Any CPU = Release|Any CPU
	EndGlobalSection
	GlobalSection(ProjectConfigurationPlatforms) = postSolution
		{E824FD7B-0942-493F-A6A9-06135FEC0750}.Debug|Any CPU.ActiveCfg = Debug|Any CPU
		{E824FD7B-0942-493F-A6A9-06135FEC0750}.Debug|Any CPU.Deploy.0 = Debug|Any CPU
		{E824FD7B-0942-493F-A6A9-06135FEC0750}.Release|Any CPU.ActiveCfg = Release|Any CPU
		{E824FD7B-0942-493F-A6A9-06135FEC0750}.Release|Any CPU.Deploy.0 = Release|Any CPU
		{A0CB352E-02EE-40DD-903A-11BA0852B935}.Debug|Any CPU.ActiveCfg = Debug|Any CPU
		{A0CB352E-02EE-40DD-903A-11BA0852B935}.Debug|Any CPU.Build.0 = Debug|Any CPU
		{A0CB352E-02EE-40DD-903A-11BA0852B935}.Release|Any CPU.ActiveCfg = Release|Any CPU
		{A0CB352E-02EE-40DD-903A-11BA0852B935}.Release|Any CPU.Build.0 = Release|Any CPU
		{5D67CE97-F931-4BEF-81C3-5857A09CE507}.Debug|Any CPU.ActiveCfg = Debug|Any CPU
		{5D67CE97-F931-4BEF-81C3-5857A09CE507}.Debug|Any CPU.Build.0 = Debug|Any CPU
		{5D67CE97-F931-4BEF-81C3-5857A09CE507}.Release|Any CPU.ActiveCfg = Release|Any CPU
		{5D67CE97-F931-4BEF-81C3-5857A09CE507}.Release|Any CPU.Build.0 = Release|Any CPU
	EndGlobalSection
	GlobalSection(SolutionProperties) = preSolution
		HideSolutionNode = FALSE
	EndGlobalSection
	GlobalSection(ExtensibilityGlobals) = postSolution
		SolutionGuid = {5AE626F3-E073-4525-A6A5-4146EDE3F84A}
	EndGlobalSection
EndGlobal
